
Microsoft Visual Studio Solution File, Format Version 12.00
# Visual Studio 15
Project("{FAE04EC0-301F-11D3-BF4B-00C04F79EFBC}") = "Assembly-CSharp", "Assembly-CSharp.csproj", "{62380AE5-E32E-F287-89F7-C117232902EC}"
EndProject
Global
	GlobalSection(SolutionConfigurationPlatforms) = preSolution
		Debug|Any CPU = Debug|Any CPU
		Release|Any CPU = Release|Any CPU
	EndGlobalSection
	GlobalSection(ProjectConfigurationPlatforms) = postSolution
		{62380AE5-E32E-F287-89F7-C117232902EC}.Debug|Any CPU.ActiveCfg = Debug|Any CPU
		{62380AE5-E32E-F287-89F7-C117232902EC}.Debug|Any CPU.Build.0 = Debug|Any CPU
		{62380AE5-E32E-F287-89F7-C117232902EC}.Release|Any CPU.ActiveCfg = Release|Any CPU
		{62380AE5-E32E-F287-89F7-C117232902EC}.Release|Any CPU.Build.0 = Release|Any CPU
	EndGlobalSection
	GlobalSection(SolutionProperties) = preSolution
		HideSolutionNode = FALSE
	EndGlobalSection
EndGlobal
